
Microsoft Visual Studio Solution File, Format Version 12.00
# Visual Studio 15
VisualStudioVersion = 15.0.28307.1705
MinimumVisualStudioVersion = 10.0.40219.1
Project("{FAE04EC0-301F-11D3-BF4B-00C04F79EFBC}") = "VDA", "Course1\VDA.csproj", "{F9432429-9158-4B66-9FFB-EB4BC64B9060}"
EndProject
Project("{FAE04EC0-301F-11D3-BF4B-00C04F79EFBC}") = "DAL", "DAL\DAL.csproj", "{32F8834F-9EFE-45F6-918D-5CD5A8803549}"
EndProject
Project("{FAE04EC0-301F-11D3-BF4B-00C04F79EFBC}") = "BLL", "BLL\BLL.csproj", "{72FC6C53-FC42-4F05-9C25-1FA213FB2C21}"
EndProject
Global
	GlobalSection(SolutionConfigurationPlatforms) = preSolution
		Debug|Any CPU = Debug|Any CPU
		Release|Any CPU = Release|Any CPU
	EndGlobalSection
	GlobalSection(ProjectConfigurationPlatforms) = postSolution
		{F9432429-9158-4B66-9FFB-EB4BC64B9060}.Debug|Any CPU.ActiveCfg = Debug|Any CPU
		{F9432429-9158-4B66-9FFB-EB4BC64B9060}.Debug|Any CPU.Build.0 = Debug|Any CPU
		{F9432429-9158-4B66-9FFB-EB4BC64B9060}.Release|Any CPU.ActiveCfg = Release|Any CPU
		{F9432429-9158-4B66-9FFB-EB4BC64B9060}.Release|Any CPU.Build.0 = Release|Any CPU
		{32F8834F-9EFE-45F6-918D-5CD5A8803549}.Debug|Any CPU.ActiveCfg = Debug|Any CPU
		{32F8834F-9EFE-45F6-918D-5CD5A8803549}.Debug|Any CPU.Build.0 = Debug|Any CPU
		{32F8834F-9EFE-45F6-918D-5CD5A8803549}.Release|Any CPU.ActiveCfg = Release|Any CPU
		{32F8834F-9EFE-45F6-918D-5CD5A8803549}.Release|Any CPU.Build.0 = Release|Any CPU
		{72FC6C53-FC42-4F05-9C25-1FA213FB2C21}.Debug|Any CPU.ActiveCfg = Debug|Any CPU
		{72FC6C53-FC42-4F05-9C25-1FA213FB2C21}.Debug|Any CPU.Build.0 = Debug|Any CPU
		{72FC6C53-FC42-4F05-9C25-1FA213FB2C21}.Release|Any CPU.ActiveCfg = Release|Any CPU
		{72FC6C53-FC42-4F05-9C25-1FA213FB2C21}.Release|Any CPU.Build.0 = Release|Any CPU
	EndGlobalSection
	GlobalSection(SolutionProperties) = preSolution
		HideSolutionNode = FALSE
	EndGlobalSection
	GlobalSection(ExtensibilityGlobals) = postSolution
		SolutionGuid = {6F8817E4-2B9E-4703-BBBE-613F3D436901}
	EndGlobalSection
EndGlobal
